{
  "lockfile_version": "1",
  "packages": {
    "entr@latest": {
      "last_modified": "2025-05-16T20:19:48Z",
      "resolved": "github:NixOS/nixpkgs/12a55407652e04dcf2309436eb06fef0d3713ef3#entr",
      "source": "devbox-search",
      "version": "5.7",
      "systems": {
        "aarch64-darwin": {
          "outputs": [
            {
              "name": "out",
              "path": "/nix/store/d1gmg1f62rw55g30w75p84hcx0pf9j7y-entr-5.7",
              "default": true
            }
          ],
          "store_path": "/nix/store/d1gmg1f62rw55g30w75p84hcx0pf9j7y-entr-5.7"
        },
        "aarch64-linux": {
          "outputs": [
            {
              "name": "out",
              "path": "/nix/store/14gazmy7fb8mnkp6czmsnq9qjv4nlscb-entr-5.7",
              "default": true
            }
          ],
          "store_path": "/nix/store/14gazmy7fb8mnkp6czmsnq9qjv4nlscb-entr-5.7"
        },
        "x86_64-darwin": {
          "outputs": [
            {
              "name": "out",
              "path": "/nix/store/za6ykf8g86zq2gngsd14lsk7ck0f3f1g-entr-5.7",
              "default": true
            }
          ],
          "store_path": "/nix/store/za6ykf8g86zq2gngsd14lsk7ck0f3f1g-entr-5.7"
        },
        "x86_64-linux": {
          "outputs": [
            {
              "name": "out",
              "path": "/nix/store/1kzmq5mfbddnjqgnww3nx4arb07xaban-entr-5.7",
              "default": true
            }
          ],
          "store_path": "/nix/store/1kzmq5mfbddnjqgnww3nx4arb07xaban-entr-5.7"
        }
      }
    },
    "fastlane@latest": {
      "last_modified": "2025-05-16T20:19:48Z",
      "resolved": "github:NixOS/nixpkgs/12a55407652e04dcf2309436eb06fef0d3713ef3#fastlane",
      "source": "devbox-search",
      "version": "2.227.1",
      "systems": {
        "aarch64-darwin": {
          "outputs": [
            {
              "name": "out",
              "path": "/nix/store/6hh60jrdrrvnhiwbqs9x1z0p6399xvsf-fastlane-2.227.1",
              "default": true
            }
          ],
          "store_path": "/nix/store/6hh60jrdrrvnhiwbqs9x1z0p6399xvsf-fastlane-2.227.1"
        },
        "aarch64-linux": {
          "outputs": [
            {
              "name": "out",
              "path": "/nix/store/qd8apcjrkq5yi8011r57ykgr5y4lkxh0-fastlane-2.227.1",
              "default": true
            }
          ],
          "store_path": "/nix/store/qd8apcjrkq5yi8011r57ykgr5y4lkxh0-fastlane-2.227.1"
        },
        "x86_64-darwin": {
          "outputs": [
            {
              "name": "out",
              "path": "/nix/store/vnd7253gd0gd04w4gmjh86vfynzbl2nn-fastlane-2.227.1",
              "default": true
            }
          ],
          "store_path": "/nix/store/vnd7253gd0gd04w4gmjh86vfynzbl2nn-fastlane-2.227.1"
        },
        "x86_64-linux": {
          "outputs": [
            {
              "name": "out",
              "path": "/nix/store/i9p84mpxw5bpnpil1g4q3s2wc6i7aykg-fastlane-2.227.1",
              "default": true
            }
          ],
          "store_path": "/nix/store/i9p84mpxw5bpnpil1g4q3s2wc6i7aykg-fastlane-2.227.1"
        }
      }
    },
    "fzf@latest": {
      "last_modified": "2025-05-16T20:19:48Z",
      "resolved": "github:NixOS/nixpkgs/12a55407652e04dcf2309436eb06fef0d3713ef3#fzf",
      "source": "devbox-search",
      "version": "0.62.0",
      "systems": {
        "aarch64-darwin": {
          "outputs": [
            {
              "name": "out",
              "path": "/nix/store/1azm167z54vppj0mr2r5j9f8gzmi87ia-fzf-0.62.0",
              "default": true
            },
            {
              "name": "man",
              "path": "/nix/store/qa24maj0wdglp5yvnsfwmwmr0j4iywb0-fzf-0.62.0-man",
              "default": true
            }
          ],
          "store_path": "/nix/store/1azm167z54vppj0mr2r5j9f8gzmi87ia-fzf-0.62.0"
        },
        "aarch64-linux": {
          "outputs": [
            {
              "name": "out",
              "path": "/nix/store/sj7mhk1cjxk1b89hn0wrcw4z7h6adkry-fzf-0.62.0",
              "default": true
            },
            {
              "name": "man",
              "path": "/nix/store/ykzik02dfj68hqw1g1g8gp1jvlp9gwk8-fzf-0.62.0-man",
              "default": true
            }
          ],
          "store_path": "/nix/store/sj7mhk1cjxk1b89hn0wrcw4z7h6adkry-fzf-0.62.0"
        },
        "x86_64-darwin": {
          "outputs": [
            {
              "name": "out",
              "path": "/nix/store/vqcc11g0yvf6lrx6jx64cc70wgrhpxmh-fzf-0.62.0",
              "default": true
            },
            {
              "name": "man",
              "path": "/nix/store/1rmvr8m0zf88i8jdddagbn1hnf9akn6p-fzf-0.62.0-man",
              "default": true
            }
          ],
          "store_path": "/nix/store/vqcc11g0yvf6lrx6jx64cc70wgrhpxmh-fzf-0.62.0"
        },
        "x86_64-linux": {
          "outputs": [
            {
              "name": "out",
              "path": "/nix/store/z3ayhjslz72ldiwrv3mn5n7rs96p2g8a-fzf-0.62.0",
              "default": true
            },
            {
              "name": "man",
              "path": "/nix/store/g8vh5bhpih072h8x9nbgngglq8gizjwf-fzf-0.62.0-man",
              "default": true
            }
          ],
          "store_path": "/nix/store/z3ayhjslz72ldiwrv3mn5n7rs96p2g8a-fzf-0.62.0"
        }
      }
    },
    "git@latest": {
      "last_modified": "2025-05-29T08:12:58Z",
      "resolved": "github:NixOS/nixpkgs/3866ad91cfc172f08a6839def503d8fc2923c603#git",
      "source": "devbox-search",
      "version": "2.49.0",
      "systems": {
        "aarch64-darwin": {
          "outputs": [
            {
              "name": "out",
              "path": "/nix/store/9pa6rygnkrdp03j4ba0w6yb5qid5x3qb-git-2.49.0",
              "default": true
            },
            {
              "name": "doc",
              "path": "/nix/store/4a1f3ymqasdx2sfwn615n6x6z15qk5nd-git-2.49.0-doc"
            }
          ],
          "store_path": "/nix/store/9pa6rygnkrdp03j4ba0w6yb5qid5x3qb-git-2.49.0"
        },
        "aarch64-linux": {
          "outputs": [
            {
              "name": "out",
              "path": "/nix/store/bqk89pw1wmjzrqi20vqz194ylfhl5cnm-git-2.49.0",
              "default": true
            },
            {
              "name": "doc",
              "path": "/nix/store/ll9hlbwp3vvihpx2p2g7mykrl2a4snk4-git-2.49.0-doc"
            },
            {
              "name": "debug",
              "path": "/nix/store/ypv73aihzciz9x12imf5dvz4qkn4wakd-git-2.49.0-debug"
            }
          ],
          "store_path": "/nix/store/bqk89pw1wmjzrqi20vqz194ylfhl5cnm-git-2.49.0"
        },
        "x86_64-darwin": {
          "outputs": [
            {
              "name": "out",
              "path": "/nix/store/38kaic6dax0nkj4xwnyysmlwzdlrfdfr-git-2.49.0",
              "default": true
            },
            {
              "name": "doc",
              "path": "/nix/store/0544ir9xg154jsb00i0881ggpafyw4nc-git-2.49.0-doc"
            }
          ],
          "store_path": "/nix/store/38kaic6dax0nkj4xwnyysmlwzdlrfdfr-git-2.49.0"
        },
        "x86_64-linux": {
          "outputs": [
            {
              "name": "out",
              "path": "/nix/store/805a5wv1cyah5awij184yfad1ksmbh9f-git-2.49.0",
              "default": true
            },
            {
              "name": "doc",
              "path": "/nix/store/7dfxlvdhr5g57b1v8gxwpa2gs7i9g3y5-git-2.49.0-doc"
            },
            {
              "name": "debug",
              "path": "/nix/store/6nibw5w4xay921qx7lp74bs10qsqp0g9-git-2.49.0-debug"
            }
          ],
          "store_path": "/nix/store/805a5wv1cyah5awij184yfad1ksmbh9f-git-2.49.0"
        }
      }
    },
    "github:NixOS/nixpkgs/nixpkgs-unstable": {
      "last_modified": "2025-06-01T15:36:18Z",
      "resolved": "github:NixOS/nixpkgs/5929de975bcf4c7c8d8b5ca65c8cd9ef9e44523e?lastModified=1748792178&narHash=sha256-BHmgfHlCJVNisJShVaEmfDIr%2FIp58i%2F4oFGlD1iK6lk%3D"
    },
    "jdk@17": {
      "last_modified": "2025-05-16T20:19:48Z",
      "resolved": "github:NixOS/nixpkgs/12a55407652e04dcf2309436eb06fef0d3713ef3#jdk17",
      "source": "devbox-search",
      "version": "17.0.14+7",
      "systems": {
        "aarch64-linux": {
          "outputs": [
            {
              "name": "out",
              "path": "/nix/store/zhys88jj19v027apz0m6hs0fhx80cwbs-openjdk-17.0.14+7",
              "default": true
            },
            {
              "name": "debug",
              "path": "/nix/store/2fnirdq86nrvrlzcb6fxi2divj55pgq1-openjdk-17.0.14+7-debug"
            }
          ],
          "store_path": "/nix/store/zhys88jj19v027apz0m6hs0fhx80cwbs-openjdk-17.0.14+7"
        },
        "x86_64-linux": {
          "outputs": [
            {
              "name": "out",
              "path": "/nix/store/063dnz6gcvjwa0caiv637adqci11gap8-openjdk-17.0.14+7",
              "default": true
            },
            {
              "name": "debug",
              "path": "/nix/store/7zi5xnq5f98zfkwcc0qr872gsk94x2fj-openjdk-17.0.14+7-debug"
            }
          ],
          "store_path": "/nix/store/063dnz6gcvjwa0caiv637adqci11gap8-openjdk-17.0.14+7"
        }
      }
    },
    "just@latest": {
      "last_modified": "2025-05-25T15:24:27Z",
      "resolved": "github:NixOS/nixpkgs/bdac72d387dca7f836f6ef1fe547755fb0e9df61#just",
      "source": "devbox-search",
      "version": "1.40.0",
      "systems": {
        "aarch64-darwin": {
          "outputs": [
            {
              "name": "out",
              "path": "/nix/store/3zr8nrrs7vjpm15bi59wranjyhbdljsh-just-1.40.0",
              "default": true
            },
            {
              "name": "man",
              "path": "/nix/store/xx75550s34xc75lhk7xqkma498h0c9fn-just-1.40.0-man",
              "default": true
            },
            {
              "name": "doc",
              "path": "/nix/store/rjc9wn7506xzg21y176cx0cpisx1v7jw-just-1.40.0-doc"
            }
          ],
          "store_path": "/nix/store/3zr8nrrs7vjpm15bi59wranjyhbdljsh-just-1.40.0"
        },
        "aarch64-linux": {
          "outputs": [
            {
              "name": "out",
              "path": "/nix/store/pb4nx8x2nah5djb40dlhh3q8d9f9f52l-just-1.40.0",
              "default": true
            },
            {
              "name": "man",
              "path": "/nix/store/ssclxvqvl4cmp0fzpznpccj7awsz7pqf-just-1.40.0-man",
              "default": true
            },
            {
              "name": "doc",
              "path": "/nix/store/vinimf45hxfqykyjz2m54ylw4fpd79wg-just-1.40.0-doc"
            }
          ],
          "store_path": "/nix/store/pb4nx8x2nah5djb40dlhh3q8d9f9f52l-just-1.40.0"
        },
        "x86_64-darwin": {
          "outputs": [
            {
              "name": "out",
              "path": "/nix/store/2vgr2kh5laq7ly21ahyrmbz4q6gdfd7v-just-1.40.0",
              "default": true
            },
            {
              "name": "man",
              "path": "/nix/store/s8qsrpz57zzy582arggg9kzhxc7wzj42-just-1.40.0-man",
              "default": true
            },
            {
              "name": "doc",
              "path": "/nix/store/jw2gqm7r2j4apylww284vrnvp0aswr83-just-1.40.0-doc"
            }
          ],
          "store_path": "/nix/store/2vgr2kh5laq7ly21ahyrmbz4q6gdfd7v-just-1.40.0"
        },
        "x86_64-linux": {
          "outputs": [
            {
              "name": "out",
              "path": "/nix/store/h0agljrxjv0xrxj6y71fsp8sx751vrd6-just-1.40.0",
              "default": true
            },
            {
              "name": "man",
              "path": "/nix/store/9j1sxj8p91q99nl7f5hdlb0kfv7kww0a-just-1.40.0-man",
              "default": true
            },
            {
              "name": "doc",
              "path": "/nix/store/s70b7w7ndh8fn550xdz0b7hvrxh9zbdm-just-1.40.0-doc"
            }
          ],
          "store_path": "/nix/store/h0agljrxjv0xrxj6y71fsp8sx751vrd6-just-1.40.0"
        }
      }
    },
    "ktlint@latest": {
      "last_modified": "2025-05-16T20:19:48Z",
      "resolved": "github:NixOS/nixpkgs/12a55407652e04dcf2309436eb06fef0d3713ef3#ktlint",
      "source": "devbox-search",
      "version": "1.5.0",
      "systems": {
        "aarch64-darwin": {
          "outputs": [
            {
              "name": "out",
              "path": "/nix/store/4zwf9cdjprwf3c00zvgbpm2gpilcmbkb-ktlint-1.5.0",
              "default": true
            }
          ],
          "store_path": "/nix/store/4zwf9cdjprwf3c00zvgbpm2gpilcmbkb-ktlint-1.5.0"
        },
        "aarch64-linux": {
          "outputs": [
            {
              "name": "out",
              "path": "/nix/store/c4dm33d8arkm6lkn79rkx978v49ci404-ktlint-1.5.0",
              "default": true
            }
          ],
          "store_path": "/nix/store/c4dm33d8arkm6lkn79rkx978v49ci404-ktlint-1.5.0"
        },
        "x86_64-darwin": {
          "outputs": [
            {
              "name": "out",
              "path": "/nix/store/92zn9f2abl03a8x0jgpnndar8590avyw-ktlint-1.5.0",
              "default": true
            }
          ],
          "store_path": "/nix/store/92zn9f2abl03a8x0jgpnndar8590avyw-ktlint-1.5.0"
        },
        "x86_64-linux": {
          "outputs": [
            {
              "name": "out",
              "path": "/nix/store/mfxd71wmry878391qkfyyg8i60r8q4si-ktlint-1.5.0",
              "default": true
            }
          ],
          "store_path": "/nix/store/mfxd71wmry878391qkfyyg8i60r8q4si-ktlint-1.5.0"
        }
      }
    },
    "ripgrep@latest": {
      "last_modified": "2025-05-16T20:19:48Z",
      "resolved": "github:NixOS/nixpkgs/12a55407652e04dcf2309436eb06fef0d3713ef3#ripgrep",
      "source": "devbox-search",
      "version": "14.1.1",
      "systems": {
        "aarch64-darwin": {
          "outputs": [
            {
              "name": "out",
              "path": "/nix/store/7sm130rzasd97g50bclmbdvn0s6fdprs-ripgrep-14.1.1",
              "default": true
            }
          ],
          "store_path": "/nix/store/7sm130rzasd97g50bclmbdvn0s6fdprs-ripgrep-14.1.1"
        },
        "aarch64-linux": {
          "outputs": [
            {
              "name": "out",
              "path": "/nix/store/qlxihgr9kihx2irnf2y3y4ra0m7v5dvd-ripgrep-14.1.1",
              "default": true
            }
          ],
          "store_path": "/nix/store/qlxihgr9kihx2irnf2y3y4ra0m7v5dvd-ripgrep-14.1.1"
        },
        "x86_64-darwin": {
          "outputs": [
            {
              "name": "out",
              "path": "/nix/store/y4z3ny6dlkak2n00ycnmaywf71pfvsk6-ripgrep-14.1.1",
              "default": true
            }
          ],
          "store_path": "/nix/store/y4z3ny6dlkak2n00ycnmaywf71pfvsk6-ripgrep-14.1.1"
        },
        "x86_64-linux": {
          "outputs": [
            {
              "name": "out",
              "path": "/nix/store/b9a4bfrb23fv03ysmqwybqcsc7iw97jf-ripgrep-14.1.1",
              "default": true
            }
          ],
          "store_path": "/nix/store/b9a4bfrb23fv03ysmqwybqcsc7iw97jf-ripgrep-14.1.1"
        }
      }
    }
  }
}
